
Microsoft Visual Studio Solution File, Format Version 12.00
# Visual Studio Version 16
VisualStudioVersion = 16.0.29521.150
MinimumVisualStudioVersion = 10.0.40219.1
Project("{9A19103F-16F7-4668-BE54-9A1E7A4F7556}") = "LSP.EventBus", "LSP.EventBus\LSP.EventBus.csproj", "{11266A56-B919-412F-B12F-48014C791C24}"
EndProject
Global
	GlobalSection(SolutionConfigurationPlatforms) = preSolution
		Debug|Any CPU = Debug|Any CPU
		Release|Any CPU = Release|Any CPU
	EndGlobalSection
	GlobalSection(ProjectConfigurationPlatforms) = postSolution
		{11266A56-B919-412F-B12F-48014C791C24}.Debug|Any CPU.ActiveCfg = Debug|Any CPU
		{11266A56-B919-412F-B12F-48014C791C24}.Debug|Any CPU.Build.0 = Debug|Any CPU
		{11266A56-B919-412F-B12F-48014C791C24}.Release|Any CPU.ActiveCfg = Release|Any CPU
		{11266A56-B919-412F-B12F-48014C791C24}.Release|Any CPU.Build.0 = Release|Any CPU
	EndGlobalSection
	GlobalSection(SolutionProperties) = preSolution
		HideSolutionNode = FALSE
	EndGlobalSection
	GlobalSection(ExtensibilityGlobals) = postSolution
		SolutionGuid = {FE8FD9B4-934D-4B3A-BC6C-0F821724EC18}
	EndGlobalSection
EndGlobal
